
Microsoft Visual Studio Solution File, Format Version 12.00
# Visual Studio Version 16
VisualStudioVersion = 16.0.29519.181
MinimumVisualStudioVersion = 10.0.40219.1
Project("{FAE04EC0-301F-11D3-BF4B-00C04F79EFBC}") = "DITutorial", "DITutorial\DITutorial.csproj", "{F2032B37-5562-4A6F-94B4-654EDD8957F7}"
EndProject
Global
	GlobalSection(SolutionConfigurationPlatforms) = preSolution
		Debug|Any CPU = Debug|Any CPU
		Release|Any CPU = Release|Any CPU
	EndGlobalSection
	GlobalSection(ProjectConfigurationPlatforms) = postSolution
		{F2032B37-5562-4A6F-94B4-654EDD8957F7}.Debug|Any CPU.ActiveCfg = Debug|Any CPU
		{F2032B37-5562-4A6F-94B4-654EDD8957F7}.Debug|Any CPU.Build.0 = Debug|Any CPU
		{F2032B37-5562-4A6F-94B4-654EDD8957F7}.Release|Any CPU.ActiveCfg = Release|Any CPU
		{F2032B37-5562-4A6F-94B4-654EDD8957F7}.Release|Any CPU.Build.0 = Release|Any CPU
	EndGlobalSection
	GlobalSection(SolutionProperties) = preSolution
		HideSolutionNode = FALSE
	EndGlobalSection
	GlobalSection(ExtensibilityGlobals) = postSolution
		SolutionGuid = {ACECA818-7217-40DE-8AA9-1B5E74E09207}
	EndGlobalSection
EndGlobal
